# THIS IS AN AUTOGENERATED FILE. DO NOT EDIT THIS FILE DIRECTLY.
# yarn lockfile v1


"@rich_harris/sql@1.1.0":
  version "1.1.0"
  resolved "https://registry.yarnpkg.com/@rich_harris/sql/-/sql-1.1.0.tgz#dad5606809ba7ceba6539abe8349c328de1f393c"

dotenv@5.0.1:
  version "5.0.1"
  resolved "https://registry.yarnpkg.com/dotenv/-/dotenv-5.0.1.tgz#a5317459bd3d79ab88cff6e44057a6a3fbb1fcef"

esm@3.0.31:
  version "3.0.31"
  resolved "https://registry.yarnpkg.com/esm/-/esm-3.0.31.tgz#1ce604829b202f8847046cc268158ad9012f250f"

split-lines@1.1.0:
  version "1.1.0"
  resolved "https://registry.yarnpkg.com/split-lines/-/split-lines-1.1.0.tgz#3abba8f598614142f9db8d27ab6ab875662a1e09"
